
Microsoft Visual Studio Solution File, Format Version 12.00
# Visual Studio Version 17
VisualStudioVersion = 17.3.32901.215
MinimumVisualStudioVersion = 10.0.40219.1
Project("{9A19103F-16F7-4668-BE54-9A1E7A4F7556}") = "GSC_Kursach", "GSC_Kursach\GSC_Kursach.csproj", "{3B39CEC1-8D32-438C-9F2E-319E3B50586B}"
EndProject
Project("{9A19103F-16F7-4668-BE54-9A1E7A4F7556}") = "Lab_1", "..\Lab_1\Lab_1\Lab_1.csproj", "{FABCC309-EFE5-4C88-9549-20F99757FAAD}"
EndProject
Project("{9A19103F-16F7-4668-BE54-9A1E7A4F7556}") = "Lab2", "..\Lab2\Lab2\Lab2.csproj", "{AB21966E-9CB5-4069-BEBA-6230A50D2494}"
EndProject
Project("{9A19103F-16F7-4668-BE54-9A1E7A4F7556}") = "Lab3", "..\Lab3\Lab3\Lab3.csproj", "{C860766D-94E7-4ADE-86A7-E29196DB2C77}"
EndProject
Project("{9A19103F-16F7-4668-BE54-9A1E7A4F7556}") = "Lab4", "C:\Users\Vsevolod\Desktop\Lab2\Lab2\Lab4.csproj", "{740BB2EB-1DC8-44F7-BD8F-2FBF45C4E309}"
EndProject
Global
	GlobalSection(SolutionConfigurationPlatforms) = preSolution
		Debug|Any CPU = Debug|Any CPU
		Release|Any CPU = Release|Any CPU
	EndGlobalSection
	GlobalSection(ProjectConfigurationPlatforms) = postSolution
		{3B39CEC1-8D32-438C-9F2E-319E3B50586B}.Debug|Any CPU.ActiveCfg = Debug|Any CPU
		{3B39CEC1-8D32-438C-9F2E-319E3B50586B}.Debug|Any CPU.Build.0 = Debug|Any CPU
		{3B39CEC1-8D32-438C-9F2E-319E3B50586B}.Release|Any CPU.ActiveCfg = Release|Any CPU
		{3B39CEC1-8D32-438C-9F2E-319E3B50586B}.Release|Any CPU.Build.0 = Release|Any CPU
		{FABCC309-EFE5-4C88-9549-20F99757FAAD}.Debug|Any CPU.ActiveCfg = Debug|Any CPU
		{FABCC309-EFE5-4C88-9549-20F99757FAAD}.Debug|Any CPU.Build.0 = Debug|Any CPU
		{FABCC309-EFE5-4C88-9549-20F99757FAAD}.Release|Any CPU.ActiveCfg = Release|Any CPU
		{FABCC309-EFE5-4C88-9549-20F99757FAAD}.Release|Any CPU.Build.0 = Release|Any CPU
		{AB21966E-9CB5-4069-BEBA-6230A50D2494}.Debug|Any CPU.ActiveCfg = Debug|Any CPU
		{AB21966E-9CB5-4069-BEBA-6230A50D2494}.Debug|Any CPU.Build.0 = Debug|Any CPU
		{AB21966E-9CB5-4069-BEBA-6230A50D2494}.Release|Any CPU.ActiveCfg = Release|Any CPU
		{AB21966E-9CB5-4069-BEBA-6230A50D2494}.Release|Any CPU.Build.0 = Release|Any CPU
		{C860766D-94E7-4ADE-86A7-E29196DB2C77}.Debug|Any CPU.ActiveCfg = Debug|Any CPU
		{C860766D-94E7-4ADE-86A7-E29196DB2C77}.Debug|Any CPU.Build.0 = Debug|Any CPU
		{C860766D-94E7-4ADE-86A7-E29196DB2C77}.Release|Any CPU.ActiveCfg = Release|Any CPU
		{C860766D-94E7-4ADE-86A7-E29196DB2C77}.Release|Any CPU.Build.0 = Release|Any CPU
		{740BB2EB-1DC8-44F7-BD8F-2FBF45C4E309}.Debug|Any CPU.ActiveCfg = Debug|Any CPU
		{740BB2EB-1DC8-44F7-BD8F-2FBF45C4E309}.Debug|Any CPU.Build.0 = Debug|Any CPU
		{740BB2EB-1DC8-44F7-BD8F-2FBF45C4E309}.Release|Any CPU.ActiveCfg = Release|Any CPU
		{740BB2EB-1DC8-44F7-BD8F-2FBF45C4E309}.Release|Any CPU.Build.0 = Release|Any CPU
	EndGlobalSection
	GlobalSection(SolutionProperties) = preSolution
		HideSolutionNode = FALSE
	EndGlobalSection
	GlobalSection(ExtensibilityGlobals) = postSolution
		SolutionGuid = {3408BF5B-594E-4CFD-BBF9-31B42E4759F1}
	EndGlobalSection
EndGlobal
